
Microsoft Visual Studio Solution File, Format Version 12.00
Project("{FAE04EC0-301F-11D3-BF4B-00C04F79EFBC}") = "_Scripts_map3D", "_Scripts_map3D\_Scripts_map3D.csproj", "{00B52B93-DF5A-4764-BA12-91862660EB44}"
EndProject
Global
	GlobalSection(SolutionConfigurationPlatforms) = preSolution
		Debug|Any CPU = Debug|Any CPU
		Release|Any CPU = Release|Any CPU
	EndGlobalSection
	GlobalSection(ProjectConfigurationPlatforms) = postSolution
		{00B52B93-DF5A-4764-BA12-91862660EB44}.Debug|Any CPU.ActiveCfg = Debug|Any CPU
		{00B52B93-DF5A-4764-BA12-91862660EB44}.Debug|Any CPU.Build.0 = Debug|Any CPU
		{00B52B93-DF5A-4764-BA12-91862660EB44}.Release|Any CPU.ActiveCfg = Release|Any CPU
		{00B52B93-DF5A-4764-BA12-91862660EB44}.Release|Any CPU.Build.0 = Release|Any CPU
	EndGlobalSection
EndGlobal
